
Microsoft Visual Studio Solution File, Format Version 12.00
# Visual Studio Version 16
VisualStudioVersion = 16.0.30204.135
MinimumVisualStudioVersion = 10.0.40219.1
Project("{FAE04EC0-301F-11D3-BF4B-00C04F79EFBC}") = "ForumsApp", "ForumsApp\ForumsApp.csproj", "{568B1C72-63BA-4F25-8005-3A0F875D44FD}"
EndProject
Global
	GlobalSection(SolutionConfigurationPlatforms) = preSolution
		Debug|Any CPU = Debug|Any CPU
		Release|Any CPU = Release|Any CPU
	EndGlobalSection
	GlobalSection(ProjectConfigurationPlatforms) = postSolution
		{568B1C72-63BA-4F25-8005-3A0F875D44FD}.Debug|Any CPU.ActiveCfg = Debug|Any CPU
		{568B1C72-63BA-4F25-8005-3A0F875D44FD}.Debug|Any CPU.Build.0 = Debug|Any CPU
		{568B1C72-63BA-4F25-8005-3A0F875D44FD}.Release|Any CPU.ActiveCfg = Release|Any CPU
		{568B1C72-63BA-4F25-8005-3A0F875D44FD}.Release|Any CPU.Build.0 = Release|Any CPU
	EndGlobalSection
	GlobalSection(SolutionProperties) = preSolution
		HideSolutionNode = FALSE
	EndGlobalSection
	GlobalSection(ExtensibilityGlobals) = postSolution
		SolutionGuid = {D54D20F8-D8BD-4244-8352-1E696DFE204B}
	EndGlobalSection
EndGlobal
